
Microsoft Visual Studio Solution File, Format Version 12.00
# Visual Studio Version 17
VisualStudioVersion = 17.7.34024.191
MinimumVisualStudioVersion = 10.0.40219.1
Project("{9A19103F-16F7-4668-BE54-9A1E7A4F7556}") = "PokemonFight.Web", "PokemonFight.Web\PokemonFight.Web.csproj", "{E01EC0A8-82CD-40B3-8FAE-ECAFFD00C51F}"
EndProject
Project("{9A19103F-16F7-4668-BE54-9A1E7A4F7556}") = "PokemonFight.Data", "PokemonFight.Data\PokemonFight.Data.csproj", "{3D61FAE4-9295-4F92-B60C-EB6BE4D57FDE}"
EndProject
Project("{9A19103F-16F7-4668-BE54-9A1E7A4F7556}") = "PokemonFight.Servicios", "PokemonFight.Servicios\PokemonFight.Servicios.csproj", "{3CC303FD-C704-455D-B607-365CD2A797AC}"
EndProject
Global
	GlobalSection(SolutionConfigurationPlatforms) = preSolution
		Debug|Any CPU = Debug|Any CPU
		Release|Any CPU = Release|Any CPU
	EndGlobalSection
	GlobalSection(ProjectConfigurationPlatforms) = postSolution
		{E01EC0A8-82CD-40B3-8FAE-ECAFFD00C51F}.Debug|Any CPU.ActiveCfg = Debug|Any CPU
		{E01EC0A8-82CD-40B3-8FAE-ECAFFD00C51F}.Debug|Any CPU.Build.0 = Debug|Any CPU
		{E01EC0A8-82CD-40B3-8FAE-ECAFFD00C51F}.Release|Any CPU.ActiveCfg = Release|Any CPU
		{E01EC0A8-82CD-40B3-8FAE-ECAFFD00C51F}.Release|Any CPU.Build.0 = Release|Any CPU
		{3D61FAE4-9295-4F92-B60C-EB6BE4D57FDE}.Debug|Any CPU.ActiveCfg = Debug|Any CPU
		{3D61FAE4-9295-4F92-B60C-EB6BE4D57FDE}.Debug|Any CPU.Build.0 = Debug|Any CPU
		{3D61FAE4-9295-4F92-B60C-EB6BE4D57FDE}.Release|Any CPU.ActiveCfg = Release|Any CPU
		{3D61FAE4-9295-4F92-B60C-EB6BE4D57FDE}.Release|Any CPU.Build.0 = Release|Any CPU
		{3CC303FD-C704-455D-B607-365CD2A797AC}.Debug|Any CPU.ActiveCfg = Debug|Any CPU
		{3CC303FD-C704-455D-B607-365CD2A797AC}.Debug|Any CPU.Build.0 = Debug|Any CPU
		{3CC303FD-C704-455D-B607-365CD2A797AC}.Release|Any CPU.ActiveCfg = Release|Any CPU
		{3CC303FD-C704-455D-B607-365CD2A797AC}.Release|Any CPU.Build.0 = Release|Any CPU
	EndGlobalSection
	GlobalSection(SolutionProperties) = preSolution
		HideSolutionNode = FALSE
	EndGlobalSection
	GlobalSection(ExtensibilityGlobals) = postSolution
		SolutionGuid = {BB585311-120B-4AD9-98F5-D9F98AB48327}
	EndGlobalSection
EndGlobal
